# THIS IS AN AUTOGENERATED FILE. DO NOT EDIT THIS FILE DIRECTLY.
# yarn lockfile v1


"@matterlabs/zksync-contracts@^0.6.1":
  version "0.6.1"
  resolved "https://registry.yarnpkg.com/@matterlabs/zksync-contracts/-/zksync-contracts-0.6.1.tgz#39f061959d5890fd0043a2f1ae710f764b172230"
  integrity sha512-+hucLw4DhGmTmQlXOTEtpboYCaOm/X2VJcWmnW4abNcOgQXEHX+mTxQrxEfPjIZT0ZE6z5FTUrOK9+RgUZwBMQ==

"@openzeppelin/contracts-upgradeable@^5.0.0":
  version "5.1.0"
  resolved "https://registry.yarnpkg.com/@openzeppelin/contracts-upgradeable/-/contracts-upgradeable-5.1.0.tgz#4d37648b7402929c53e2ff6e45749ecff91eb2b6"
  integrity sha512-AIElwP5Ck+cslNE+Hkemf5SxjJoF4wBvvjxc27Rp+9jaPs/CLIaUBMYe1FNzhdiN0cYuwGRmYaRHmmntuiju4Q==

"@openzeppelin/contracts@^5.0.0":
  version "5.1.0"
  resolved "https://registry.yarnpkg.com/@openzeppelin/contracts/-/contracts-5.1.0.tgz#4e61162f2a2bf414c4e10c45eca98ce5f1aadbd4"
  integrity sha512-p1ULhl7BXzjjbha5aqst+QMLY+4/LCWADXOCsmLHRM77AqiPjnd9vvUN9sosUfhL9JGKpZ0TjEGxgvnizmWGSA==

"@zk-email/contracts@^6.1.5":
  version "6.2.0"
  resolved "https://registry.yarnpkg.com/@zk-email/contracts/-/contracts-6.2.0.tgz#36550aea54a9a8962f0ca8ef16ad6f24bfec6942"
  integrity sha512-HlMyQNKmwdqfht6hHfTLgNnt/pGEc1cR5X4v8dMV+8IqoJTPbuvv19u69p/3U1W1SK2KUJl2Hg/bf0OxqVCNRQ==
  dependencies:
    "@openzeppelin/contracts" "^5.0.0"
    dotenv "^16.3.1"

"@zk-email/ether-email-auth-contracts@^0.0.2-preview":
  version "0.0.2-preview"
  resolved "https://registry.yarnpkg.com/@zk-email/ether-email-auth-contracts/-/ether-email-auth-contracts-0.0.2-preview.tgz#1b10b02ae0f28b2d110688c7057c182bab322a96"
  integrity sha512-ZITqmhdcxuICd/4sU1z8a2w04p2LWIOMl0FOX4j04gBz17k0hYsGcbNQl41FIqLQRTBVc+AZ8DMuegFO6/T2jQ==
  dependencies:
    "@matterlabs/zksync-contracts" "^0.6.1"
    "@openzeppelin/contracts" "^5.0.0"
    "@openzeppelin/contracts-upgradeable" "^5.0.0"
    "@zk-email/contracts" "^6.1.5"
    solady "^0.0.123"

dotenv@^16.3.1:
  version "16.4.5"
  resolved "https://registry.yarnpkg.com/dotenv/-/dotenv-16.4.5.tgz#cdd3b3b604cb327e286b4762e13502f717cb099f"
  integrity sha512-ZmdL2rui+eB2YwhsWzjInR8LldtZHGDoQ1ugH85ppHKwpUHL7j7rN0Ti9NCnGiQbhaZ11FpR+7ao1dNsmduNUg==

solady@^0.0.123:
  version "0.0.123"
  resolved "https://registry.yarnpkg.com/solady/-/solady-0.0.123.tgz#7ef95767c1570e3efde7550da2a8b439b2f413d2"
  integrity sha512-F/B8OMCplGsS4FrdPrnEG0xdg8HKede5PwC+Rum8soj/LWxfKckA0p+Uwnlbgey2iI82IHvmSOCNhsdbA+lUrw==
