# THIS IS AN AUTOGENERATED FILE. DO NOT EDIT THIS FILE DIRECTLY.
# yarn lockfile v1


"@account-abstraction/contracts@^0.7.0":
  version "0.7.0"
  resolved "https://registry.yarnpkg.com/@account-abstraction/contracts/-/contracts-0.7.0.tgz#f0f60d73e8d6ef57b794b07f8ab7b4779a3814c6"
  integrity sha512-Bt/66ilu3u8I9+vFZ9fTd+cWs55fdb9J5YKfrhsrFafH1drkzwuCSL/xEot1GGyXXNJLQuXbMRztQPyelNbY1A==
  dependencies:
    "@openzeppelin/contracts" "^5.0.0"
    "@uniswap/v3-periphery" "^1.4.3"

"@matterlabs/zksync-contracts@^0.6.1":
  version "0.6.1"
  resolved "https://registry.yarnpkg.com/@matterlabs/zksync-contracts/-/zksync-contracts-0.6.1.tgz#39f061959d5890fd0043a2f1ae710f764b172230"
  integrity sha512-+hucLw4DhGmTmQlXOTEtpboYCaOm/X2VJcWmnW4abNcOgQXEHX+mTxQrxEfPjIZT0ZE6z5FTUrOK9+RgUZwBMQ==

"@openzeppelin/contracts-upgradeable@^5.0.0":
  version "5.1.0"
  resolved "https://registry.yarnpkg.com/@openzeppelin/contracts-upgradeable/-/contracts-upgradeable-5.1.0.tgz#4d37648b7402929c53e2ff6e45749ecff91eb2b6"
  integrity sha512-AIElwP5Ck+cslNE+Hkemf5SxjJoF4wBvvjxc27Rp+9jaPs/CLIaUBMYe1FNzhdiN0cYuwGRmYaRHmmntuiju4Q==

"@openzeppelin/contracts@3.4.2-solc-0.7":
  version "3.4.2-solc-0.7"
  resolved "https://registry.yarnpkg.com/@openzeppelin/contracts/-/contracts-3.4.2-solc-0.7.tgz#38f4dbab672631034076ccdf2f3201fab1726635"
  integrity sha512-W6QmqgkADuFcTLzHL8vVoNBtkwjvQRpYIAom7KiUNoLKghyx3FgH0GBjt8NRvigV1ZmMOBllvE1By1C+bi8WpA==

"@openzeppelin/contracts@^5.0.0":
  version "5.1.0"
  resolved "https://registry.yarnpkg.com/@openzeppelin/contracts/-/contracts-5.1.0.tgz#4e61162f2a2bf414c4e10c45eca98ce5f1aadbd4"
  integrity sha512-p1ULhl7BXzjjbha5aqst+QMLY+4/LCWADXOCsmLHRM77AqiPjnd9vvUN9sosUfhL9JGKpZ0TjEGxgvnizmWGSA==

"@uniswap/lib@^4.0.1-alpha":
  version "4.0.1-alpha"
  resolved "https://registry.yarnpkg.com/@uniswap/lib/-/lib-4.0.1-alpha.tgz#2881008e55f075344675b3bca93f020b028fbd02"
  integrity sha512-f6UIliwBbRsgVLxIaBANF6w09tYqc6Y/qXdsrbEmXHyFA7ILiKrIwRFXe1yOg8M3cksgVsO9N7yuL2DdCGQKBA==

"@uniswap/v2-core@^1.0.1":
  version "1.0.1"
  resolved "https://registry.yarnpkg.com/@uniswap/v2-core/-/v2-core-1.0.1.tgz#af8f508bf183204779938969e2e54043e147d425"
  integrity sha512-MtybtkUPSyysqLY2U210NBDeCHX+ltHt3oADGdjqoThZaFRDKwM6k1Nb3F0A3hk5hwuQvytFWhrWHOEq6nVJ8Q==

"@uniswap/v3-core@^1.0.0":
  version "1.0.1"
  resolved "https://registry.yarnpkg.com/@uniswap/v3-core/-/v3-core-1.0.1.tgz#b6d2bdc6ba3c3fbd610bdc502395d86cd35264a0"
  integrity sha512-7pVk4hEm00j9tc71Y9+ssYpO6ytkeI0y7WE9P6UcmNzhxPePwyAxImuhVsTqWK9YFvzgtvzJHi64pBl4jUzKMQ==

"@uniswap/v3-periphery@^1.4.3":
  version "1.4.4"
  resolved "https://registry.yarnpkg.com/@uniswap/v3-periphery/-/v3-periphery-1.4.4.tgz#d2756c23b69718173c5874f37fd4ad57d2f021b7"
  integrity sha512-S4+m+wh8HbWSO3DKk4LwUCPZJTpCugIsHrWR86m/OrUyvSqGDTXKFfc2sMuGXCZrD1ZqO3rhQsKgdWg3Hbb2Kw==
  dependencies:
    "@openzeppelin/contracts" "3.4.2-solc-0.7"
    "@uniswap/lib" "^4.0.1-alpha"
    "@uniswap/v2-core" "^1.0.1"
    "@uniswap/v3-core" "^1.0.0"
    base64-sol "1.0.1"

"@zk-email/contracts@^6.1.5":
  version "6.2.0"
  resolved "https://registry.yarnpkg.com/@zk-email/contracts/-/contracts-6.2.0.tgz#36550aea54a9a8962f0ca8ef16ad6f24bfec6942"
  integrity sha512-HlMyQNKmwdqfht6hHfTLgNnt/pGEc1cR5X4v8dMV+8IqoJTPbuvv19u69p/3U1W1SK2KUJl2Hg/bf0OxqVCNRQ==
  dependencies:
    "@openzeppelin/contracts" "^5.0.0"
    dotenv "^16.3.1"

"@zk-email/ether-email-auth-contracts@^0.0.2-preview":
  version "0.0.2-preview"
  resolved "https://registry.yarnpkg.com/@zk-email/ether-email-auth-contracts/-/ether-email-auth-contracts-0.0.2-preview.tgz#1b10b02ae0f28b2d110688c7057c182bab322a96"
  integrity sha512-ZITqmhdcxuICd/4sU1z8a2w04p2LWIOMl0FOX4j04gBz17k0hYsGcbNQl41FIqLQRTBVc+AZ8DMuegFO6/T2jQ==
  dependencies:
    "@matterlabs/zksync-contracts" "^0.6.1"
    "@openzeppelin/contracts" "^5.0.0"
    "@openzeppelin/contracts-upgradeable" "^5.0.0"
    "@zk-email/contracts" "^6.1.5"
    solady "^0.0.123"

base64-sol@1.0.1:
  version "1.0.1"
  resolved "https://registry.yarnpkg.com/base64-sol/-/base64-sol-1.0.1.tgz#91317aa341f0bc763811783c5729f1c2574600f6"
  integrity sha512-ld3cCNMeXt4uJXmLZBHFGMvVpK9KsLVEhPpFRXnvSVAqABKbuNZg/+dsq3NuM+wxFLb/UrVkz7m1ciWmkMfTbg==

dotenv@^16.3.1:
  version "16.4.5"
  resolved "https://registry.yarnpkg.com/dotenv/-/dotenv-16.4.5.tgz#cdd3b3b604cb327e286b4762e13502f717cb099f"
  integrity sha512-ZmdL2rui+eB2YwhsWzjInR8LldtZHGDoQ1ugH85ppHKwpUHL7j7rN0Ti9NCnGiQbhaZ11FpR+7ao1dNsmduNUg==

solady@^0.0.123:
  version "0.0.123"
  resolved "https://registry.yarnpkg.com/solady/-/solady-0.0.123.tgz#7ef95767c1570e3efde7550da2a8b439b2f413d2"
  integrity sha512-F/B8OMCplGsS4FrdPrnEG0xdg8HKede5PwC+Rum8soj/LWxfKckA0p+Uwnlbgey2iI82IHvmSOCNhsdbA+lUrw==
